{
  "nodes": {
    "agents": {
      "flake": false,
      "locked": {
        "lastModified": 1780115920,
        "narHash": "sha256-0ekhC4kbuyvOBxYpIxVFGM2NWU/sdZFhVrPmhQI6Fzk=",
        "owner": "madeleineostoja",
        "repo": "agents",
        "rev": "531fbbde9837e1abd64df8a8612c34e5b85ba0a1",
        "type": "github"
      },
      "original": {
        "owner": "madeleineostoja",
        "repo": "agents",
        "type": "github"
      }
    },
    "catppuccin": {
      "inputs": {
        "nixpkgs": [
          "nixpkgs"
        ]
      },
      "locked": {
        "lastModified": 1779910193,
        "narHash": "sha256-CQD/mtBC1VYQgTpKR6LhD+gPJ9S3neN6rBo/RYFWDgM=",
        "owner": "catppuccin",
        "repo": "nix",
        "rev": "c61cab9677ff7184891930a60bf8224aa81c3a31",
        "type": "github"
      },
      "original": {
        "owner": "catppuccin",
        "repo": "nix",
        "type": "github"
      }
    },
    "catppuccin-godot": {
      "flake": false,
      "locked": {
        "lastModified": 1725282184,
        "narHash": "sha256-Og69rMEsygVYpWVGvJGsCydQzRC9BXBQxyrJ4kfdUEo=",
        "owner": "catppuccin",
        "repo": "godot",
        "rev": "d8b72b679078f0103a5e5c1ef793c1d698a563b1",
        "type": "github"
      },
      "original": {
        "owner": "catppuccin",
        "repo": "godot",
        "type": "github"
      }
    },
    "home-manager": {
      "inputs": {
        "nixpkgs": [
          "nixpkgs"
        ]
      },
      "locked": {
        "lastModified": 1779726825,
        "narHash": "sha256-RUkMrREjKDQrA+dA9+xZviGAxM5W1aVdyOr/bSYpHrE=",
        "owner": "nix-community",
        "repo": "home-manager",
        "rev": "b179bde238977f7d4454fc770b1a727eaf55111c",
        "type": "github"
      },
      "original": {
        "owner": "nix-community",
        "ref": "release-26.05",
        "repo": "home-manager",
        "type": "github"
      }
    },
    "nixpkgs": {
      "locked": {
        "lastModified": 1780020239,
        "narHash": "sha256-ik+V883hTc6GG7TzjxMdhEoMV0hCbQPfsRtNsB1qWUQ=",
        "owner": "NixOS",
        "repo": "nixpkgs",
        "rev": "c85dc29a9bcafa665b8ce0654ca019cdb05e63c6",
        "type": "github"
      },
      "original": {
        "owner": "NixOS",
        "ref": "nixpkgs-26.05-darwin",
        "repo": "nixpkgs",
        "type": "github"
      }
    },
    "root": {
      "inputs": {
        "agents": "agents",
        "catppuccin": "catppuccin",
        "catppuccin-godot": "catppuccin-godot",
        "home-manager": "home-manager",
        "nixpkgs": "nixpkgs"
      }
    }
  },
  "root": "root",
  "version": 7
}
