{
  "nodes": {
    "agents": {
      "flake": false,
      "locked": {
        "lastModified": 1780719426,
        "narHash": "sha256-io7YVbrhZtA6/gL5X0lxtnGsfWc+Kkc51QI5nve5ZZc=",
        "owner": "madeleineostoja",
        "repo": "agents",
        "rev": "0c042db53d241ca747dac70e0c5f4a5dd6b875bb",
        "type": "github"
      },
      "original": {
        "owner": "madeleineostoja",
        "repo": "agents",
        "type": "github"
      }
    },
    "catppuccin": {
      "inputs": {
        "nixpkgs": [
          "nixpkgs"
        ]
      },
      "locked": {
        "lastModified": 1780650205,
        "narHash": "sha256-FYgqDufUWHbY+ne5z/OTBUCCeLGPJ5sA6d+Fa5aKKxo=",
        "owner": "catppuccin",
        "repo": "nix",
        "rev": "fd265813d18cc39bc0d27750c47a09766a535162",
        "type": "github"
      },
      "original": {
        "owner": "catppuccin",
        "repo": "nix",
        "type": "github"
      }
    },
    "catppuccin-godot": {
      "flake": false,
      "locked": {
        "lastModified": 1725282184,
        "narHash": "sha256-Og69rMEsygVYpWVGvJGsCydQzRC9BXBQxyrJ4kfdUEo=",
        "owner": "catppuccin",
        "repo": "godot",
        "rev": "d8b72b679078f0103a5e5c1ef793c1d698a563b1",
        "type": "github"
      },
      "original": {
        "owner": "catppuccin",
        "repo": "godot",
        "type": "github"
      }
    },
    "home-manager": {
      "inputs": {
        "nixpkgs": [
          "nixpkgs"
        ]
      },
      "locked": {
        "lastModified": 1780361225,
        "narHash": "sha256-wnV9ttf4fPWNonBIQmvlrSlNpQYgx5HgWWd007mwIFA=",
        "owner": "nix-community",
        "repo": "home-manager",
        "rev": "e28654b71096e08c019d4861ca26acb646f583d8",
        "type": "github"
      },
      "original": {
        "owner": "nix-community",
        "ref": "release-26.05",
        "repo": "home-manager",
        "type": "github"
      }
    },
    "nixpkgs": {
      "locked": {
        "lastModified": 1780614800,
        "narHash": "sha256-xq6r60DU54c2C//D+ok+y5A7fp/zpFcNUeX5uGqKyMQ=",
        "owner": "NixOS",
        "repo": "nixpkgs",
        "rev": "cc598dfd09b0a543d574a238d4b3473bb1c6d587",
        "type": "github"
      },
      "original": {
        "owner": "NixOS",
        "ref": "nixpkgs-26.05-darwin",
        "repo": "nixpkgs",
        "type": "github"
      }
    },
    "root": {
      "inputs": {
        "agents": "agents",
        "catppuccin": "catppuccin",
        "catppuccin-godot": "catppuccin-godot",
        "home-manager": "home-manager",
        "nixpkgs": "nixpkgs"
      }
    }
  },
  "root": "root",
  "version": 7
}
